
Microsoft Visual Studio Solution File, Format Version 12.00
# Visual Studio Version 17
VisualStudioVersion = 17.11.35219.272
MinimumVisualStudioVersion = 10.0.40219.1
Project("{FAE04EC0-301F-11D3-BF4B-00C04F79EFBC}") = "Elemendid_vorm_TARpv23", "Elemendid_vorm_TARpv23.csproj", "{5AB0757E-DD91-45CC-A08C-82EF54FD58F8}"
EndProject
Global
	GlobalSection(SolutionConfigurationPlatforms) = preSolution
		Debug|Any CPU = Debug|Any CPU
		Release|Any CPU = Release|Any CPU
	EndGlobalSection
	GlobalSection(ProjectConfigurationPlatforms) = postSolution
		{5AB0757E-DD91-45CC-A08C-82EF54FD58F8}.Debug|Any CPU.ActiveCfg = Debug|Any CPU
		{5AB0757E-DD91-45CC-A08C-82EF54FD58F8}.Debug|Any CPU.Build.0 = Debug|Any CPU
		{5AB0757E-DD91-45CC-A08C-82EF54FD58F8}.Release|Any CPU.ActiveCfg = Release|Any CPU
		{5AB0757E-DD91-45CC-A08C-82EF54FD58F8}.Release|Any CPU.Build.0 = Release|Any CPU
	EndGlobalSection
	GlobalSection(SolutionProperties) = preSolution
		HideSolutionNode = FALSE
	EndGlobalSection
	GlobalSection(ExtensibilityGlobals) = postSolution
		SolutionGuid = {2E0EB2AA-A8D3-43FF-A6F2-175387B0D3DA}
	EndGlobalSection
EndGlobal
